// !$*UTF8*$!
{
	archiveVersion = 1;
	classes = {
	};
	objectVersion = 46;
	objects = {

/* Begin PBXBuildFile section */
		00C4D62A1B8EA0190068646E /* AppDelegate.swift in Sources */ = {isa = PBXBuildFile; fileRef = 00C4D6291B8EA0190068646E /* AppDelegate.swift */; };
		00C4D62C1B8EA0190068646E /* ViewController.swift in Sources */ = {isa = PBXBuildFile; fileRef = 00C4D62B1B8EA0190068646E /* ViewController.swift */; };
		00C4D62F1B8EA0190068646E /* Main.storyboard in Resources */ = {isa = PBXBuildFile; fileRef = 00C4D62D1B8EA0190068646E /* Main.storyboard */; };
		00C4D6311B8EA0190068646E /* Images.xcassets in Resources */ = {isa = PBXBuildFile; fileRef = 00C4D6301B8EA0190068646E /* Images.xcassets */; };
		00C4D6341B8EA0190068646E /* LaunchScreen.xib in Resources */ = {isa = PBXBuildFile; fileRef = 00C4D6321B8EA0190068646E /* LaunchScreen.xib */; };
		00C4D6401B8EA0190068646E /* calculatorTests.swift in Sources */ = {isa = PBXBuildFile; fileRef = 00C4D63F1B8EA0190068646E /* calculatorTests.swift */; };
/* End PBXBuildFile section */

/* Begin PBXContainerItemProxy section */
		00C4D63A1B8EA0190068646E /* PBXContainerItemProxy */ = {
			isa = PBXContainerItemProxy;
			containerPortal = 00C4D61C1B8EA0190068646E /* Project object */;
			proxyType = 1;
			remoteGlobalIDString = 00C4D6231B8EA0190068646E;
			remoteInfo = calculator;
		};
/* End PBXContainerItemProxy section */

/* Begin PBXFileReference section */
		00C4D6241B8EA0190068646E /* calculator.app */ = {isa = PBXFileReference; explicitFileType = wrapper.application; includeInIndex = 0; path = calculator.app; sourceTree = BUILT_PRODUCTS_DIR; };
		00C4D6281B8EA0190068646E /* Info.plist */ = {isa = PBXFileReference; lastKnownFileType = text.plist.xml; path = Info.plist; sourceTree = "<group>"; };
		00C4D6291B8EA0190068646E /* AppDelegate.swift */ = {isa = PBXFileReference; lastKnownFileType = sourcecode.swift; path = AppDelegate.swift; sourceTree = "<group>"; };
		00C4D62B1B8EA0190068646E /* ViewController.swift */ = {isa = PBXFileReference; lastKnownFileType = sourcecode.swift; path = ViewController.swift; sourceTree = "<group>"; };
		00C4D62E1B8EA0190068646E /* Base */ = {isa = PBXFileReference; lastKnownFileType = file.storyboard; name = Base; path = Base.lproj/Main.storyboard; sourceTree = "<group>"; };
		00C4D6301B8EA0190068646E /* Images.xcassets */ = {isa = PBXFileReference; lastKnownFileType = folder.assetcatalog; path = Images.xcassets; sourceTree = "<group>"; };
		00C4D6331B8EA0190068646E /* Base */ = {isa = PBXFileReference; lastKnownFileType = file.xib; name = Base; path = Base.lproj/LaunchScreen.xib; sourceTree = "<group>"; };
		00C4D6391B8EA0190068646E /* calculatorTests.xctest */ = {isa = PBXFileReference; explicitFileType = wrapper.cfbundle; includeInIndex = 0; path = calculatorTests.xctest; sourceTree = BUILT_PRODUCTS_DIR; };
		00C4D63E1B8EA0190068646E /* Info.plist */ = {isa = PBXFileReference; lastKnownFileType = text.plist.xml; path = Info.plist; sourceTree = "<group>"; };
		00C4D63F1B8EA0190068646E /* calculatorTests.swift */ = {isa = PBXFileReference; lastKnownFileType = sourcecode.swift; path = calculatorTests.swift; sourceTree = "<group>"; };
/* End PBXFileReference section */

/* Begin PBXFrameworksBuildPhase section */
		00C4D6211B8EA0190068646E /* Frameworks */ = {
			isa = PBXFrameworksBuildPhase;
			buildActionMask = 2147483647;
			files = (
			);
			runOnlyForDeploymentPostprocessing = 0;
		};
		00C4D6361B8EA0190068646E /* Frameworks */ = {
			isa = PBXFrameworksBuildPhase;
			buildActionMask = 2147483647;
			files = (
			);
			runOnlyForDeploymentPostprocessing = 0;
		};
/* End PBXFrameworksBuildPhase section */

/* Begin PBXGroup section */
		00C4D61B1B8EA0190068646E = {
			isa = PBXGroup;
			children = (
				00C4D6261B8EA0190068646E /* calculator */,
				00C4D63C1B8EA0190068646E /* calculatorTests */,
				00C4D6251B8EA0190068646E /* Products */,
			);
			sourceTree = "<group>";
		};
		00C4D6251B8EA0190068646E /* Products */ = {
			isa = PBXGroup;
			children = (
				00C4D6241B8EA0190068646E /* calculator.app */,
				00C4D6391B8EA0190068646E /* calculatorTests.xctest */,
			);
			name = Products;
			sourceTree = "<group>";
		};
		00C4D6261B8EA0190068646E /* calculator */ = {
			isa = PBXGroup;
			children = (
				00C4D62B1B8EA0190068646E /* ViewController.swift */,
				00C4D62D1B8EA0190068646E /* Main.storyboard */,
				00C4D6271B8EA0190068646E /* Supporting Files */,
			);
			path = calculator;
			sourceTree = "<group>";
		};
		00C4D6271B8EA0190068646E /* Supporting Files */ = {
			isa = PBXGroup;
			children = (
				00C4D6321B8EA0190068646E /* LaunchScreen.xib */,
				00C4D6301B8EA0190068646E /* Images.xcassets */,
				00C4D6291B8EA0190068646E /* AppDelegate.swift */,
				00C4D6281B8EA0190068646E /* Info.plist */,
			);
			name = "Supporting Files";
			sourceTree = "<group>";
		};
		00C4D63C1B8EA0190068646E /* calculatorTests */ = {
			isa = PBXGroup;
			children = (
				00C4D63F1B8EA0190068646E /* calculatorTests.swift */,
				00C4D63D1B8EA0190068646E /* Supporting Files */,
			);
			path = calculatorTests;
			sourceTree = "<group>";
		};
		00C4D63D1B8EA0190068646E /* Supporting Files */ = {
			isa = PBXGroup;
			children = (
				00C4D63E1B8EA0190068646E /* Info.plist */,
			);
			name = "Supporting Files";
			sourceTree = "<group>";
		};
/* End PBXGroup section */

/* Begin PBXNativeTarget section */
		00C4D6231B8EA0190068646E /* calculator */ = {
			isa = PBXNativeTarget;
			buildConfigurationList = 00C4D6431B8EA0190068646E /* Build configuration list for PBXNativeTarget "calculator" */;
			buildPhases = (
				00C4D6201B8EA0190068646E /* Sources */,
				00C4D6211B8EA0190068646E /* Frameworks */,
				00C4D6221B8EA0190068646E /* Resources */,
			);
			buildRules = (
			);
			dependencies = (
			);
			name = calculator;
			productName = calculator;
			productReference = 00C4D6241B8EA0190068646E /* calculator.app */;
			productType = "com.apple.product-type.application";
		};
		00C4D6381B8EA0190068646E /* calculatorTests */ = {
			isa = PBXNativeTarget;
			buildConfigurationList = 00C4D6461B8EA0190068646E /* Build configuration list for PBXNativeTarget "calculatorTests" */;
			buildPhases = (
				00C4D6351B8EA0190068646E /* Sources */,
				00C4D6361B8EA0190068646E /* Frameworks */,
				00C4D6371B8EA0190068646E /* Resources */,
			);
			buildRules = (
			);
			dependencies = (
				00C4D63B1B8EA0190068646E /* PBXTargetDependency */,
			);
			name = calculatorTests;
			productName = calculatorTests;
			productReference = 00C4D6391B8EA0190068646E /* calculatorTests.xctest */;
			productType = "com.apple.product-type.bundle.unit-test";
		};
/* End PBXNativeTarget section */

/* Begin PBXProject section */
		00C4D61C1B8EA0190068646E /* Project object */ = {
			isa = PBXProject;
			attributes = {
				LastUpgradeCheck = 0640;
				ORGANIZATIONNAME = lucidstudio;
				TargetAttributes = {
					00C4D6231B8EA0190068646E = {
						CreatedOnToolsVersion = 6.4;
					};
					00C4D6381B8EA0190068646E = {
						CreatedOnToolsVersion = 6.4;
						TestTargetID = 00C4D6231B8EA0190068646E;
					};
				};
			};
			buildConfigurationList = 00C4D61F1B8EA0190068646E /* Build configuration list for PBXProject "calculator" */;
			compatibilityVersion = "Xcode 3.2";
			developmentRegion = English;
			hasScannedForEncodings = 0;
			knownRegions = (
				en,
				Base,
			);
			mainGroup = 00C4D61B1B8EA0190068646E;
			productRefGroup = 00C4D6251B8EA0190068646E /* Products */;
			projectDirPath = "";
			projectRoot = "";
			targets = (
				00C4D6231B8EA0190068646E /* calculator */,
				00C4D6381B8EA0190068646E /* calculatorTests */,
			);
		};
/* End PBXProject section */

/* Begin PBXResourcesBuildPhase section */
		00C4D6221B8EA0190068646E /* Resources */ = {
			isa = PBXResourcesBuildPhase;
			buildActionMask = 2147483647;
			files = (
				00C4D62F1B8EA0190068646E /* Main.storyboard in Resources */,
				00C4D6341B8EA0190068646E /* LaunchScreen.xib in Resources */,
				00C4D6311B8EA0190068646E /* Images.xcassets in Resources */,
			);
			runOnlyForDeploymentPostprocessing = 0;
		};
		00C4D6371B8EA0190068646E /* Resources */ = {
			isa = PBXResourcesBuildPhase;
			buildActionMask = 2147483647;
			files = (
			);
			runOnlyForDeploymentPostprocessing = 0;
		};
/* End PBXResourcesBuildPhase section */

/* Begin PBXSourcesBuildPhase section */
		00C4D6201B8EA0190068646E /* Sources */ = {
			isa = PBXSourcesBuildPhase;
			buildActionMask = 2147483647;
			files = (
				00C4D62C1B8EA0190068646E /* ViewController.swift in Sources */,
				00C4D62A1B8EA0190068646E /* AppDelegate.swift in Sources */,
			);
			runOnlyForDeploymentPostprocessing = 0;
		};
		00C4D6351B8EA0190068646E /* Sources */ = {
			isa = PBXSourcesBuildPhase;
			buildActionMask = 2147483647;
			files = (
				00C4D6401B8EA0190068646E /* calculatorTests.swift in Sources */,
			);
			runOnlyForDeploymentPostprocessing = 0;
		};
/* End PBXSourcesBuildPhase section */

/* Begin PBXTargetDependency section */
		00C4D63B1B8EA0190068646E /* PBXTargetDependency */ = {
			isa = PBXTargetDependency;
			target = 00C4D6231B8EA0190068646E /* calculator */;
			targetProxy = 00C4D63A1B8EA0190068646E /* PBXContainerItemProxy */;
		};
/* End PBXTargetDependency section */

/* Begin PBXVariantGroup section */
		00C4D62D1B8EA0190068646E /* Main.storyboard */ = {
			isa = PBXVariantGroup;
			children = (
				00C4D62E1B8EA0190068646E /* Base */,
			);
			name = Main.storyboard;
			sourceTree = "<group>";
		};
		00C4D6321B8EA0190068646E /* LaunchScreen.xib */ = {
			isa = PBXVariantGroup;
			children = (
				00C4D6331B8EA0190068646E /* Base */,
			);
			name = LaunchScreen.xib;
			sourceTree = "<group>";
		};
/* End PBXVariantGroup section */

/* Begin XCBuildConfiguration section */
		00C4D6411B8EA0190068646E /* Debug */ = {
			isa = XCBuildConfiguration;
			buildSettings = {
				ALWAYS_SEARCH_USER_PATHS = NO;
				CLANG_CXX_LANGUAGE_STANDARD = "gnu++0x";
				CLANG_CXX_LIBRARY = "libc++";
				CLANG_ENABLE_MODULES = YES;
				CLANG_ENABLE_OBJC_ARC = YES;
				CLANG_WARN_BOOL_CONVERSION = YES;
				CLANG_WARN_CONSTANT_CONVERSION = YES;
				CLANG_WARN_DIRECT_OBJC_ISA_USAGE = YES_ERROR;
				CLANG_WARN_EMPTY_BODY = YES;
				CLANG_WARN_ENUM_CONVERSION = YES;
				CLANG_WARN_INT_CONVERSION = YES;
				CLANG_WARN_OBJC_ROOT_CLASS = YES_ERROR;
				CLANG_WARN_UNREACHABLE_CODE = YES;
				CLANG_WARN__DUPLICATE_METHOD_MATCH = YES;
				"CODE_SIGN_IDENTITY[sdk=iphoneos*]" = "iPhone Developer";
				COPY_PHASE_STRIP = NO;
				DEBUG_INFORMATION_FORMAT = "dwarf-with-dsym";
				ENABLE_STRICT_OBJC_MSGSEND = YES;
				GCC_C_LANGUAGE_STANDARD = gnu99;
				GCC_DYNAMIC_NO_PIC = NO;
				GCC_NO_COMMON_BLOCKS = YES;
				GCC_OPTIMIZATION_LEVEL = 0;
				GCC_PREPROCESSOR_DEFINITIONS = (
					"DEBUG=1",
					"$(inherited)",
				);
				GCC_SYMBOLS_PRIVATE_EXTERN = NO;
				GCC_WARN_64_TO_32_BIT_CONVERSION = YES;
				GCC_WARN_ABOUT_RETURN_TYPE = YES_ERROR;
				GCC_WARN_UNDECLARED_SELECTOR = YES;
				GCC_WARN_UNINITIALIZED_AUTOS = YES_AGGRESSIVE;
				GCC_WARN_UNUSED_FUNCTION = YES;
				GCC_WARN_UNUSED_VARIABLE = YES;
				IPHONEOS_DEPLOYMENT_TARGET = 8.4;
				MTL_ENABLE_DEBUG_INFO = YES;
				ONLY_ACTIVE_ARCH = YES;
				SDKROOT = iphoneos;
				SWIFT_OPTIMIZATION_LEVEL = "-Onone";
				TARGETED_DEVICE_FAMILY = "1,2";
			};
			name = Debug;
		};
		00C4D6421B8EA0190068646E /* Release */ = {
			isa = XCBuildConfiguration;
			buildSettings = {
				ALWAYS_SEARCH_USER_PATHS = NO;
				CLANG_CXX_LANGUAGE_STANDARD = "gnu++0x";
				CLANG_CXX_LIBRARY = "libc++";
				CLANG_ENABLE_MODULES = YES;
				CLANG_ENABLE_OBJC_ARC = YES;
				CLANG_WARN_BOOL_CONVERSION = YES;
				CLANG_WARN_CONSTANT_CONVERSION = YES;
				CLANG_WARN_DIRECT_OBJC_ISA_USAGE = YES_ERROR;
				CLANG_WARN_EMPTY_BODY = YES;
				CLANG_WARN_ENUM_CONVERSION = YES;
				CLANG_WARN_INT_CONVERSION = YES;
				CLANG_WARN_OBJC_ROOT_CLASS = YES_ERROR;
				CLANG_WARN_UNREACHABLE_CODE = YES;
				CLANG_WARN__DUPLICATE_METHOD_MATCH = YES;
				"CODE_SIGN_IDENTITY[sdk=iphoneos*]" = "iPhone Developer";
				COPY_PHASE_STRIP = NO;
				DEBUG_INFORMATION_FORMAT = "dwarf-with-dsym";
				ENABLE_NS_ASSERTIONS = NO;
				ENABLE_STRICT_OBJC_MSGSEND = YES;
				GCC_C_LANGUAGE_STANDARD = gnu99;
				GCC_NO_COMMON_BLOCKS = YES;
				GCC_WARN_64_TO_32_BIT_CONVERSION = YES;
				GCC_WARN_ABOUT_RETURN_TYPE = YES_ERROR;
				GCC_WARN_UNDECLARED_SELECTOR = YES;
				GCC_WARN_UNINITIALIZED_AUTOS = YES_AGGRESSIVE;
				GCC_WARN_UNUSED_FUNCTION = YES;
				GCC_WARN_UNUSED_VARIABLE = YES;
				IPHONEOS_DEPLOYMENT_TARGET = 8.4;
				MTL_ENABLE_DEBUG_INFO = NO;
				SDKROOT = iphoneos;
				TARGETED_DEVICE_FAMILY = "1,2";
				VALIDATE_PRODUCT = YES;
			};
			name = Release;
		};
		00C4D6441B8EA0190068646E /* Debug */ = {
			isa = XCBuildConfiguration;
			buildSettings = {
				ASSETCATALOG_COMPILER_APPICON_NAME = AppIcon;
				INFOPLIST_FILE = calculator/Info.plist;
				IPHONEOS_DEPLOYMENT_TARGET = 8.1;
				LD_RUNPATH_SEARCH_PATHS = "$(inherited) @executable_path/Frameworks";
				PRODUCT_NAME = "$(TARGET_NAME)";
			};
			name = Debug;
		};
		00C4D6451B8EA0190068646E /* Release */ = {
			isa = XCBuildConfiguration;
			buildSettings = {
				ASSETCATALOG_COMPILER_APPICON_NAME = AppIcon;
				INFOPLIST_FILE = calculator/Info.plist;
				IPHONEOS_DEPLOYMENT_TARGET = 8.1;
				LD_RUNPATH_SEARCH_PATHS = "$(inherited) @executable_path/Frameworks";
				PRODUCT_NAME = "$(TARGET_NAME)";
			};
			name = Release;
		};
		00C4D6471B8EA0190068646E /* Debug */ = {
			isa = XCBuildConfiguration;
			buildSettings = {
				BUNDLE_LOADER = "$(TEST_HOST)";
				FRAMEWORK_SEARCH_PATHS = (
					"$(SDKROOT)/Developer/Library/Frameworks",
					"$(inherited)",
				);
				GCC_PREPROCESSOR_DEFINITIONS = (
					"DEBUG=1",
					"$(inherited)",
				);
				INFOPLIST_FILE = calculatorTests/Info.plist;
				LD_RUNPATH_SEARCH_PATHS = "$(inherited) @executable_path/Frameworks @loader_path/Frameworks";
				PRODUCT_NAME = "$(TARGET_NAME)";
				TEST_HOST = "$(BUILT_PRODUCTS_DIR)/calculator.app/calculator";
			};
			name = Debug;
		};
		00C4D6481B8EA0190068646E /* Release */ = {
			isa = XCBuildConfiguration;
			buildSettings = {
				BUNDLE_LOADER = "$(TEST_HOST)";
				FRAMEWORK_SEARCH_PATHS = (
					"$(SDKROOT)/Developer/Library/Frameworks",
					"$(inherited)",
				);
				INFOPLIST_FILE = calculatorTests/Info.plist;
				LD_RUNPATH_SEARCH_PATHS = "$(inherited) @executable_path/Frameworks @loader_path/Frameworks";
				PRODUCT_NAME = "$(TARGET_NAME)";
				TEST_HOST = "$(BUILT_PRODUCTS_DIR)/calculator.app/calculator";
			};
			name = Release;
		};
/* End XCBuildConfiguration section */

/* Begin XCConfigurationList section */
		00C4D61F1B8EA0190068646E /* Build configuration list for PBXProject "calculator" */ = {
			isa = XCConfigurationList;
			buildConfigurations = (
				00C4D6411B8EA0190068646E /* Debug */,
				00C4D6421B8EA0190068646E /* Release */,
			);
			defaultConfigurationIsVisible = 0;
			defaultConfigurationName = Release;
		};
		00C4D6431B8EA0190068646E /* Build configuration list for PBXNativeTarget "calculator" */ = {
			isa = XCConfigurationList;
			buildConfigurations = (
				00C4D6441B8EA0190068646E /* Debug */,
				00C4D6451B8EA0190068646E /* Release */,
			);
			defaultConfigurationIsVisible = 0;
		};
		00C4D6461B8EA0190068646E /* Build configuration list for PBXNativeTarget "calculatorTests" */ = {
			isa = XCConfigurationList;
			buildConfigurations = (
				00C4D6471B8EA0190068646E /* Debug */,
				00C4D6481B8EA0190068646E /* Release */,
			);
			defaultConfigurationIsVisible = 0;
		};
/* End XCConfigurationList section */
	};
	rootObject = 00C4D61C1B8EA0190068646E /* Project object */;
}
